
Microsoft Visual Studio Solution File, Format Version 12.00
# Visual Studio Version 17
VisualStudioVersion = 17.10.35122.118
MinimumVisualStudioVersion = 10.0.40219.1
Project("{FAE04EC0-301F-11D3-BF4B-00C04F79EFBC}") = "BasicFunctions", "BasicFunctions\BasicFunctions.csproj", "{11846C87-8031-4CDB-BD84-14A4D6D546EF}"
EndProject
Global
	GlobalSection(SolutionConfigurationPlatforms) = preSolution
		Debug|Any CPU = Debug|Any CPU
		Release|Any CPU = Release|Any CPU
	EndGlobalSection
	GlobalSection(ProjectConfigurationPlatforms) = postSolution
		{11846C87-8031-4CDB-BD84-14A4D6D546EF}.Debug|Any CPU.ActiveCfg = Debug|Any CPU
		{11846C87-8031-4CDB-BD84-14A4D6D546EF}.Debug|Any CPU.Build.0 = Debug|Any CPU
		{11846C87-8031-4CDB-BD84-14A4D6D546EF}.Release|Any CPU.ActiveCfg = Release|Any CPU
		{11846C87-8031-4CDB-BD84-14A4D6D546EF}.Release|Any CPU.Build.0 = Release|Any CPU
	EndGlobalSection
	GlobalSection(SolutionProperties) = preSolution
		HideSolutionNode = FALSE
	EndGlobalSection
	GlobalSection(ExtensibilityGlobals) = postSolution
		SolutionGuid = {DC8667CC-CFF0-4BB6-BFBC-63DE6D7FED0D}
	EndGlobalSection
EndGlobal
